
Microsoft Visual Studio Solution File, Format Version 12.00
# Visual Studio Version 16
VisualStudioVersion = 16.0.30413.136
MinimumVisualStudioVersion = 10.0.40219.1
Project("{FAE04EC0-301F-11D3-BF4B-00C04F79EFBC}") = "WebFormTestAzureAd", "WebFormTestAzureAd\WebFormTestAzureAd.csproj", "{02B1C904-3D51-4CDD-8BB7-7B4F7587F619}"
EndProject
Global
	GlobalSection(SolutionConfigurationPlatforms) = preSolution
		Debug|Any CPU = Debug|Any CPU
		Release|Any CPU = Release|Any CPU
	EndGlobalSection
	GlobalSection(ProjectConfigurationPlatforms) = postSolution
		{02B1C904-3D51-4CDD-8BB7-7B4F7587F619}.Debug|Any CPU.ActiveCfg = Debug|Any CPU
		{02B1C904-3D51-4CDD-8BB7-7B4F7587F619}.Debug|Any CPU.Build.0 = Debug|Any CPU
		{02B1C904-3D51-4CDD-8BB7-7B4F7587F619}.Release|Any CPU.ActiveCfg = Release|Any CPU
		{02B1C904-3D51-4CDD-8BB7-7B4F7587F619}.Release|Any CPU.Build.0 = Release|Any CPU
	EndGlobalSection
	GlobalSection(SolutionProperties) = preSolution
		HideSolutionNode = FALSE
	EndGlobalSection
	GlobalSection(ExtensibilityGlobals) = postSolution
		SolutionGuid = {8DAF4F7C-FBE5-4DB4-9905-CC18A16D0CDA}
	EndGlobalSection
EndGlobal
